
Microsoft Visual Studio Solution File, Format Version 12.00
# Visual Studio Version 17
VisualStudioVersion = 17.14.36221.1
MinimumVisualStudioVersion = 10.0.40219.1
Project("{2150E333-8FDC-42A3-9474-1A3956D46DE8}") = "src", "src", "{02EA681E-C7D8-13C7-8484-4AC65E1B71E8}"
EndProject
Project("{2150E333-8FDC-42A3-9474-1A3956D46DE8}") = "Building Blocks", "Building Blocks", "{6170C53E-16C3-4990-B62D-48CF0ED4C76A}"
EndProject
Project("{2150E333-8FDC-42A3-9474-1A3956D46DE8}") = "Services", "Services", "{D4B2128D-D482-451D-A692-7FC7FF0217EB}"
EndProject
Project("{2150E333-8FDC-42A3-9474-1A3956D46DE8}") = "Web", "Web", "{34515888-0EA4-4F77-B468-86BB7D37849D}"
EndProject
Project("{2150E333-8FDC-42A3-9474-1A3956D46DE8}") = "Identidade", "Identidade", "{3138DA01-7D99-4758-9701-80B2554948AF}"
EndProject
Project("{FAE04EC0-301F-11D3-BF4B-00C04F79EFBC}") = "BuildStoreEnterprise.WebApp.MVC", "src\web\BuildStoreEnterprise.WebApp.MVC\BuildStoreEnterprise.WebApp.MVC.csproj", "{9A969D93-E48A-499A-8A03-1A93B7E78642}"
EndProject
Project("{2150E333-8FDC-42A3-9474-1A3956D46DE8}") = "Core", "Core", "{24D9FB9C-71CB-439C-A96F-C3C955DE91AF}"
EndProject
Project("{FAE04EC0-301F-11D3-BF4B-00C04F79EFBC}") = "BuildStoreEnterprise.Core", "src\building blocks\BuildStoreEnterprise.Core\BuildStoreEnterprise.Core.csproj", "{190920D9-A388-4EC1-B01A-10DB885821DB}"
EndProject
Project("{2150E333-8FDC-42A3-9474-1A3956D46DE8}") = "Carrinho", "Carrinho", "{0F67A11B-4A9B-4833-ACD2-FBC9901D85AA}"
EndProject
Project("{2150E333-8FDC-42A3-9474-1A3956D46DE8}") = "Cliente", "Cliente", "{CFACD5A9-8AB2-4CAA-B913-3946C156B8C8}"
EndProject
Project("{2150E333-8FDC-42A3-9474-1A3956D46DE8}") = "Catalogo", "Catalogo", "{419EAF1E-252B-493C-B887-8B31C925D2A9}"
EndProject
Project("{2150E333-8FDC-42A3-9474-1A3956D46DE8}") = "Pagamento", "Pagamento", "{536AF746-2800-4317-948C-0255518A1D20}"
EndProject
Project("{2150E333-8FDC-42A3-9474-1A3956D46DE8}") = "Pedido", "Pedido", "{08015209-28D3-424E-A724-6CF69068C2B9}"
EndProject
Project("{FAE04EC0-301F-11D3-BF4B-00C04F79EFBC}") = "BuildStoreEnterprise.Pedido.API", "src\services\BuildStoreEnterprise.Pedido.API\BuildStoreEnterprise.Pedido.API.csproj", "{75C54517-C34E-4FB3-AA3C-C743BA0CDDB8}"
EndProject
Project("{FAE04EC0-301F-11D3-BF4B-00C04F79EFBC}") = "BuildStoreEnterprise.Pagamento.API", "src\services\BuildStoreEnterprise.Pagamento.API\BuildStoreEnterprise.Pagamento.API.csproj", "{51B91949-ECE3-42AA-B141-D123E44E8EEB}"
EndProject
Project("{FAE04EC0-301F-11D3-BF4B-00C04F79EFBC}") = "BuildStoreEnterprise.Cliente.API", "src\services\BuildStoreEnterprise.Cliente.API\BuildStoreEnterprise.Cliente.API.csproj", "{5D4F4110-5363-49C5-B0D9-1A6699644BC0}"
EndProject
Project("{FAE04EC0-301F-11D3-BF4B-00C04F79EFBC}") = "BuildStoreEnterprise.Catalogo.API", "src\services\BuildStoreEnterprise.Catalogo.API\BuildStoreEnterprise.Catalogo.API.csproj", "{A14FA71C-9D22-4735-BE11-33A18CFF48F3}"
EndProject
Project("{FAE04EC0-301F-11D3-BF4B-00C04F79EFBC}") = "BuildStoreEnterprise.Carrinho.API", "src\services\BuildStoreEnterprise.Carrinho.API\BuildStoreEnterprise.Carrinho.API.csproj", "{B67AEF76-EBAF-4AEB-A4F9-C9C441A42941}"
EndProject
Project("{FAE04EC0-301F-11D3-BF4B-00C04F79EFBC}") = "BuildStoreEnterprise.Identidade.API", "src\services\BuildStoreEnterprise.Identidade.API\BuildStoreEnterprise.Identidade.API.csproj", "{C808DBE5-9A77-4128-9599-5504CDF12303}"
EndProject
Project("{2150E333-8FDC-42A3-9474-1A3956D46DE8}") = "Solution Items", "Solution Items", "{7C61C412-D2E3-4DBE-A95B-9177CFD77619}"
	ProjectSection(SolutionItems) = preProject
		.gitignore = .gitignore
		azure-pipelines.yml = azure-pipelines.yml
	EndProjectSection
EndProject
Global
	GlobalSection(SolutionConfigurationPlatforms) = preSolution
		Debug|Any CPU = Debug|Any CPU
		Release|Any CPU = Release|Any CPU
	EndGlobalSection
	GlobalSection(ProjectConfigurationPlatforms) = postSolution
		{9A969D93-E48A-499A-8A03-1A93B7E78642}.Debug|Any CPU.ActiveCfg = Debug|Any CPU
		{9A969D93-E48A-499A-8A03-1A93B7E78642}.Debug|Any CPU.Build.0 = Debug|Any CPU
		{9A969D93-E48A-499A-8A03-1A93B7E78642}.Release|Any CPU.ActiveCfg = Release|Any CPU
		{9A969D93-E48A-499A-8A03-1A93B7E78642}.Release|Any CPU.Build.0 = Release|Any CPU
		{190920D9-A388-4EC1-B01A-10DB885821DB}.Debug|Any CPU.ActiveCfg = Debug|Any CPU
		{190920D9-A388-4EC1-B01A-10DB885821DB}.Debug|Any CPU.Build.0 = Debug|Any CPU
		{190920D9-A388-4EC1-B01A-10DB885821DB}.Release|Any CPU.ActiveCfg = Release|Any CPU
		{190920D9-A388-4EC1-B01A-10DB885821DB}.Release|Any CPU.Build.0 = Release|Any CPU
		{75C54517-C34E-4FB3-AA3C-C743BA0CDDB8}.Debug|Any CPU.ActiveCfg = Debug|Any CPU
		{75C54517-C34E-4FB3-AA3C-C743BA0CDDB8}.Debug|Any CPU.Build.0 = Debug|Any CPU
		{75C54517-C34E-4FB3-AA3C-C743BA0CDDB8}.Release|Any CPU.ActiveCfg = Release|Any CPU
		{75C54517-C34E-4FB3-AA3C-C743BA0CDDB8}.Release|Any CPU.Build.0 = Release|Any CPU
		{51B91949-ECE3-42AA-B141-D123E44E8EEB}.Debug|Any CPU.ActiveCfg = Debug|Any CPU
		{51B91949-ECE3-42AA-B141-D123E44E8EEB}.Debug|Any CPU.Build.0 = Debug|Any CPU
		{51B91949-ECE3-42AA-B141-D123E44E8EEB}.Release|Any CPU.ActiveCfg = Release|Any CPU
		{51B91949-ECE3-42AA-B141-D123E44E8EEB}.Release|Any CPU.Build.0 = Release|Any CPU
		{5D4F4110-5363-49C5-B0D9-1A6699644BC0}.Debug|Any CPU.ActiveCfg = Debug|Any CPU
		{5D4F4110-5363-49C5-B0D9-1A6699644BC0}.Debug|Any CPU.Build.0 = Debug|Any CPU
		{5D4F4110-5363-49C5-B0D9-1A6699644BC0}.Release|Any CPU.ActiveCfg = Release|Any CPU
		{5D4F4110-5363-49C5-B0D9-1A6699644BC0}.Release|Any CPU.Build.0 = Release|Any CPU
		{A14FA71C-9D22-4735-BE11-33A18CFF48F3}.Debug|Any CPU.ActiveCfg = Debug|Any CPU
		{A14FA71C-9D22-4735-BE11-33A18CFF48F3}.Debug|Any CPU.Build.0 = Debug|Any CPU
		{A14FA71C-9D22-4735-BE11-33A18CFF48F3}.Release|Any CPU.ActiveCfg = Release|Any CPU
		{A14FA71C-9D22-4735-BE11-33A18CFF48F3}.Release|Any CPU.Build.0 = Release|Any CPU
		{B67AEF76-EBAF-4AEB-A4F9-C9C441A42941}.Debug|Any CPU.ActiveCfg = Debug|Any CPU
		{B67AEF76-EBAF-4AEB-A4F9-C9C441A42941}.Debug|Any CPU.Build.0 = Debug|Any CPU
		{B67AEF76-EBAF-4AEB-A4F9-C9C441A42941}.Release|Any CPU.ActiveCfg = Release|Any CPU
		{B67AEF76-EBAF-4AEB-A4F9-C9C441A42941}.Release|Any CPU.Build.0 = Release|Any CPU
		{C808DBE5-9A77-4128-9599-5504CDF12303}.Debug|Any CPU.ActiveCfg = Debug|Any CPU
		{C808DBE5-9A77-4128-9599-5504CDF12303}.Debug|Any CPU.Build.0 = Debug|Any CPU
		{C808DBE5-9A77-4128-9599-5504CDF12303}.Release|Any CPU.ActiveCfg = Release|Any CPU
		{C808DBE5-9A77-4128-9599-5504CDF12303}.Release|Any CPU.Build.0 = Release|Any CPU
	EndGlobalSection
	GlobalSection(SolutionProperties) = preSolution
		HideSolutionNode = FALSE
	EndGlobalSection
	GlobalSection(NestedProjects) = preSolution
		{6170C53E-16C3-4990-B62D-48CF0ED4C76A} = {02EA681E-C7D8-13C7-8484-4AC65E1B71E8}
		{D4B2128D-D482-451D-A692-7FC7FF0217EB} = {02EA681E-C7D8-13C7-8484-4AC65E1B71E8}
		{34515888-0EA4-4F77-B468-86BB7D37849D} = {02EA681E-C7D8-13C7-8484-4AC65E1B71E8}
		{3138DA01-7D99-4758-9701-80B2554948AF} = {D4B2128D-D482-451D-A692-7FC7FF0217EB}
		{9A969D93-E48A-499A-8A03-1A93B7E78642} = {34515888-0EA4-4F77-B468-86BB7D37849D}
		{24D9FB9C-71CB-439C-A96F-C3C955DE91AF} = {6170C53E-16C3-4990-B62D-48CF0ED4C76A}
		{190920D9-A388-4EC1-B01A-10DB885821DB} = {24D9FB9C-71CB-439C-A96F-C3C955DE91AF}
		{0F67A11B-4A9B-4833-ACD2-FBC9901D85AA} = {D4B2128D-D482-451D-A692-7FC7FF0217EB}
		{CFACD5A9-8AB2-4CAA-B913-3946C156B8C8} = {D4B2128D-D482-451D-A692-7FC7FF0217EB}
		{419EAF1E-252B-493C-B887-8B31C925D2A9} = {D4B2128D-D482-451D-A692-7FC7FF0217EB}
		{536AF746-2800-4317-948C-0255518A1D20} = {D4B2128D-D482-451D-A692-7FC7FF0217EB}
		{08015209-28D3-424E-A724-6CF69068C2B9} = {D4B2128D-D482-451D-A692-7FC7FF0217EB}
		{75C54517-C34E-4FB3-AA3C-C743BA0CDDB8} = {08015209-28D3-424E-A724-6CF69068C2B9}
		{51B91949-ECE3-42AA-B141-D123E44E8EEB} = {536AF746-2800-4317-948C-0255518A1D20}
		{5D4F4110-5363-49C5-B0D9-1A6699644BC0} = {CFACD5A9-8AB2-4CAA-B913-3946C156B8C8}
		{A14FA71C-9D22-4735-BE11-33A18CFF48F3} = {419EAF1E-252B-493C-B887-8B31C925D2A9}
		{B67AEF76-EBAF-4AEB-A4F9-C9C441A42941} = {0F67A11B-4A9B-4833-ACD2-FBC9901D85AA}
		{C808DBE5-9A77-4128-9599-5504CDF12303} = {3138DA01-7D99-4758-9701-80B2554948AF}
	EndGlobalSection
	GlobalSection(ExtensibilityGlobals) = postSolution
		SolutionGuid = {66DC55C8-44AE-49F8-B95B-6AFC87A5EC23}
	EndGlobalSection
EndGlobal
